
Microsoft Visual Studio Solution File, Format Version 12.00
# Visual Studio Version 17
VisualStudioVersion = 17.7.34003.232
MinimumVisualStudioVersion = 10.0.40219.1
Project("{2150E333-8FDC-42A3-9474-1A3956D46DE8}") = "Core", "Core", "{0E077950-5924-49BC-B957-3AF8078E2532}"
EndProject
Project("{9A19103F-16F7-4668-BE54-9A1E7A4F7556}") = "CarBook.Domain", "..\Core\CarBook.Domain\CarBook.Domain.csproj", "{901E31FC-ACC3-432A-9AC9-27D63E2F8934}"
EndProject
Project("{2150E333-8FDC-42A3-9474-1A3956D46DE8}") = "Infrastructure", "Infrastructure", "{A20DF09A-55CE-435D-B665-F7C40CF6F7D9}"
EndProject
Project("{9A19103F-16F7-4668-BE54-9A1E7A4F7556}") = "CarBook.Persistence", "Infrastructure\CarBook.Persistence\CarBook.Persistence.csproj", "{BDA6B99D-1D6A-4308-9001-7D23671D2110}"
EndProject
Project("{2150E333-8FDC-42A3-9474-1A3956D46DE8}") = "Presentation", "Presentation", "{E1B1CFD5-9756-4F20-B9DC-EDA74CDD7C26}"
EndProject
Project("{9A19103F-16F7-4668-BE54-9A1E7A4F7556}") = "CarBook.WebApi", "Presentation\CarBook.WebApi\CarBook.WebApi.csproj", "{F0582D1F-9717-4704-BC4B-60C3829B5507}"
EndProject
Project("{9A19103F-16F7-4668-BE54-9A1E7A4F7556}") = "CarBook.Application", "Core\CarBook.Application\CarBook.Application.csproj", "{70BDA9E3-F28D-4E20-AF51-052BD8B7C1FA}"
EndProject
Project("{2150E333-8FDC-42A3-9474-1A3956D46DE8}") = "Frontends", "Frontends", "{EA88C818-205A-45A2-9CF2-CC57AB8B26D2}"
EndProject
Project("{9A19103F-16F7-4668-BE54-9A1E7A4F7556}") = "CarBook.WebUI", "Frontends\CarBook.WebUI\CarBook.WebUI.csproj", "{B0DAFA93-BC5C-44F9-BD4F-44260F769553}"
EndProject
Project("{FAE04EC0-301F-11D3-BF4B-00C04F79EFBC}") = "CarBook.DTO", "Frontends\CarBook.DTO\CarBook.DTO.csproj", "{4A21453A-B4B4-4B90-8F7F-A85FE9C81E0B}"
EndProject
Global
	GlobalSection(SolutionConfigurationPlatforms) = preSolution
		Debug|Any CPU = Debug|Any CPU
		Release|Any CPU = Release|Any CPU
	EndGlobalSection
	GlobalSection(ProjectConfigurationPlatforms) = postSolution
		{901E31FC-ACC3-432A-9AC9-27D63E2F8934}.Debug|Any CPU.ActiveCfg = Debug|Any CPU
		{901E31FC-ACC3-432A-9AC9-27D63E2F8934}.Debug|Any CPU.Build.0 = Debug|Any CPU
		{901E31FC-ACC3-432A-9AC9-27D63E2F8934}.Release|Any CPU.ActiveCfg = Release|Any CPU
		{901E31FC-ACC3-432A-9AC9-27D63E2F8934}.Release|Any CPU.Build.0 = Release|Any CPU
		{BDA6B99D-1D6A-4308-9001-7D23671D2110}.Debug|Any CPU.ActiveCfg = Debug|Any CPU
		{BDA6B99D-1D6A-4308-9001-7D23671D2110}.Debug|Any CPU.Build.0 = Debug|Any CPU
		{BDA6B99D-1D6A-4308-9001-7D23671D2110}.Release|Any CPU.ActiveCfg = Release|Any CPU
		{BDA6B99D-1D6A-4308-9001-7D23671D2110}.Release|Any CPU.Build.0 = Release|Any CPU
		{F0582D1F-9717-4704-BC4B-60C3829B5507}.Debug|Any CPU.ActiveCfg = Debug|Any CPU
		{F0582D1F-9717-4704-BC4B-60C3829B5507}.Debug|Any CPU.Build.0 = Debug|Any CPU
		{F0582D1F-9717-4704-BC4B-60C3829B5507}.Release|Any CPU.ActiveCfg = Release|Any CPU
		{F0582D1F-9717-4704-BC4B-60C3829B5507}.Release|Any CPU.Build.0 = Release|Any CPU
		{70BDA9E3-F28D-4E20-AF51-052BD8B7C1FA}.Debug|Any CPU.ActiveCfg = Debug|Any CPU
		{70BDA9E3-F28D-4E20-AF51-052BD8B7C1FA}.Debug|Any CPU.Build.0 = Debug|Any CPU
		{70BDA9E3-F28D-4E20-AF51-052BD8B7C1FA}.Release|Any CPU.ActiveCfg = Release|Any CPU
		{70BDA9E3-F28D-4E20-AF51-052BD8B7C1FA}.Release|Any CPU.Build.0 = Release|Any CPU
		{B0DAFA93-BC5C-44F9-BD4F-44260F769553}.Debug|Any CPU.ActiveCfg = Debug|Any CPU
		{B0DAFA93-BC5C-44F9-BD4F-44260F769553}.Debug|Any CPU.Build.0 = Debug|Any CPU
		{B0DAFA93-BC5C-44F9-BD4F-44260F769553}.Release|Any CPU.ActiveCfg = Release|Any CPU
		{B0DAFA93-BC5C-44F9-BD4F-44260F769553}.Release|Any CPU.Build.0 = Release|Any CPU
		{4A21453A-B4B4-4B90-8F7F-A85FE9C81E0B}.Debug|Any CPU.ActiveCfg = Debug|Any CPU
		{4A21453A-B4B4-4B90-8F7F-A85FE9C81E0B}.Debug|Any CPU.Build.0 = Debug|Any CPU
		{4A21453A-B4B4-4B90-8F7F-A85FE9C81E0B}.Release|Any CPU.ActiveCfg = Release|Any CPU
		{4A21453A-B4B4-4B90-8F7F-A85FE9C81E0B}.Release|Any CPU.Build.0 = Release|Any CPU
	EndGlobalSection
	GlobalSection(SolutionProperties) = preSolution
		HideSolutionNode = FALSE
	EndGlobalSection
	GlobalSection(NestedProjects) = preSolution
		{901E31FC-ACC3-432A-9AC9-27D63E2F8934} = {0E077950-5924-49BC-B957-3AF8078E2532}
		{BDA6B99D-1D6A-4308-9001-7D23671D2110} = {A20DF09A-55CE-435D-B665-F7C40CF6F7D9}
		{F0582D1F-9717-4704-BC4B-60C3829B5507} = {E1B1CFD5-9756-4F20-B9DC-EDA74CDD7C26}
		{70BDA9E3-F28D-4E20-AF51-052BD8B7C1FA} = {0E077950-5924-49BC-B957-3AF8078E2532}
		{B0DAFA93-BC5C-44F9-BD4F-44260F769553} = {EA88C818-205A-45A2-9CF2-CC57AB8B26D2}
		{4A21453A-B4B4-4B90-8F7F-A85FE9C81E0B} = {EA88C818-205A-45A2-9CF2-CC57AB8B26D2}
	EndGlobalSection
	GlobalSection(ExtensibilityGlobals) = postSolution
		SolutionGuid = {393A3C7A-79A0-47FC-A59B-F28F27F6446D}
	EndGlobalSection
EndGlobal
